<?xml version="1.0" encoding="utf-8"?>
<Project ToolsVersion="4.0" xmlns="http://schemas.microsoft.com/developer/msbuild/2003">
  <ItemGroup>
    <Filter Include="Source Files">
      <UniqueIdentifier>{4FC737F1-C7A5-4376-A066-2A32D752A2FF}</UniqueIdentifier>
      <Extensions>cpp;c;cc;cxx;def;odl;idl;hpj;bat;asm;asmx</Extensions>
    </Filter>
    <Filter Include="Header Files">
      <UniqueIdentifier>{93995380-89BD-4b04-88EB-625FBE52EBFB}</UniqueIdentifier>
      <Extensions>h;hh;hpp;hxx;hm;inl;inc;xsd</Extensions>
    </Filter>
    <Filter Include="Resource Files">
      <UniqueIdentifier>{67DA6AB6-F800-4c08-8B7A-83BB121AAD01}</UniqueIdentifier>
      <Extensions>rc;ico;cur;bmp;dlg;rc2;rct;bin;rgs;gif;jpg;jpeg;jpe;resx;tiff;tif;png;wav;mfcribbon-ms</Extensions>
    </Filter>
    <Filter Include="Source Files\pathfinding">
      <UniqueIdentifier>{23ec8dbf-335a-4e24-af73-55755536e3bc}</UniqueIdentifier>
    </Filter>
    <Filter Include="Source Files\terrain gen">
      <UniqueIdentifier>{4823674f-7840-41cd-a2cd-718c4c09c36b}</UniqueIdentifier>
    </Filter>
  </ItemGroup>
  <ItemGroup>
    <ClCompile Include="goodfunctions.cpp">
      <Filter>Source Files</Filter>
    </ClCompile>
    <ClCompile Include="take2 copy 3.cpp">
      <Filter>Source Files</Filter>
    </ClCompile>
    <ClCompile Include="lodepng.cpp">
      <Filter>Source Files</Filter>
    </ClCompile>
    <ClCompile Include="test_init.cpp">
      <Filter>Source Files</Filter>
    </ClCompile>
    <ClCompile Include="country_controller.cpp">
      <Filter>Source Files</Filter>
    </ClCompile>
    <ClCompile Include="a_star.cpp">
      <Filter>Source Files\pathfinding</Filter>
    </ClCompile>
    <ClCompile Include="hierarchical_pathfind.cpp">
      <Filter>Source Files\pathfinding</Filter>
    </ClCompile>
    <ClCompile Include="pathfinding.cpp">
      <Filter>Source Files\pathfinding</Filter>
    </ClCompile>
    <ClCompile Include="mapgen.cpp">
      <Filter>Source Files\terrain gen</Filter>
    </ClCompile>
    <ClCompile Include="terrain.cpp">
      <Filter>Source Files\terrain gen</Filter>
    </ClCompile>
  </ItemGroup>
  <ItemGroup>
    <ClInclude Include="goodfunctions.hpp">
      <Filter>Header Files</Filter>
    </ClInclude>
    <ClInclude Include="a_star.hpp">
      <Filter>Header Files</Filter>
    </ClInclude>
    <ClInclude Include="hierarchical_pathfind.hpp">
      <Filter>Header Files</Filter>
    </ClInclude>
    <ClInclude Include="mapgen.hpp">
      <Filter>Header Files</Filter>
    </ClInclude>
    <ClInclude Include="pathfinding.hpp">
      <Filter>Header Files</Filter>
    </ClInclude>
    <ClInclude Include="terrain.hpp">
      <Filter>Header Files</Filter>
    </ClInclude>
    <ClInclude Include="typedef.hpp">
      <Filter>Header Files</Filter>
    </ClInclude>
    <ClInclude Include="lodepng.h">
      <Filter>Header Files</Filter>
    </ClInclude>
    <ClInclude Include="test_init.hpp">
      <Filter>Header Files</Filter>
    </ClInclude>
    <ClInclude Include="country_controller.hpp">
      <Filter>Header Files</Filter>
    </ClInclude>
  </ItemGroup>
</Project>